
Microsoft Visual Studio Solution File, Format Version 12.00
# Visual Studio Version 17
VisualStudioVersion = 17.5.33209.295
MinimumVisualStudioVersion = 10.0.40219.1
Project("{9A19103F-16F7-4668-BE54-9A1E7A4F7556}") = "VoiceTexterBot", "VoiceTexterBot\VoiceTexterBot.csproj", "{09CC96F9-DEAA-45F6-86F6-84D20EEA0627}"
EndProject
Global
	GlobalSection(SolutionConfigurationPlatforms) = preSolution
		Debug|Any CPU = Debug|Any CPU
		Release|Any CPU = Release|Any CPU
	EndGlobalSection
	GlobalSection(ProjectConfigurationPlatforms) = postSolution
		{09CC96F9-DEAA-45F6-86F6-84D20EEA0627}.Debug|Any CPU.ActiveCfg = Debug|Any CPU
		{09CC96F9-DEAA-45F6-86F6-84D20EEA0627}.Debug|Any CPU.Build.0 = Debug|Any CPU
		{09CC96F9-DEAA-45F6-86F6-84D20EEA0627}.Release|Any CPU.ActiveCfg = Release|Any CPU
		{09CC96F9-DEAA-45F6-86F6-84D20EEA0627}.Release|Any CPU.Build.0 = Release|Any CPU
	EndGlobalSection
	GlobalSection(SolutionProperties) = preSolution
		HideSolutionNode = FALSE
	EndGlobalSection
	GlobalSection(ExtensibilityGlobals) = postSolution
		SolutionGuid = {43BB0937-A070-4046-9756-9605EB00D1D0}
	EndGlobalSection
EndGlobal
